<?xml version="1.0" encoding="utf-8"?>
<Project ToolsVersion="4.0" xmlns="http://schemas.microsoft.com/developer/msbuild/2003">
  <ItemGroup>
    <Filter Include="kx">
      <UniqueIdentifier>{88785900-7404-880B-DDB2-880BC95D880B}</UniqueIdentifier>
    </Filter>
  </ItemGroup>
  <ItemGroup>
    <ClInclude Include="Src\kx.h" />
    <ClInclude Include="Src\kx\Application.h">
      <Filter>kx</Filter>
    </ClInclude>
    <ClInclude Include="Src\kx\Core.h">
      <Filter>kx</Filter>
    </ClInclude>
    <ClInclude Include="Src\kx\Entrypoint.h">
      <Filter>kx</Filter>
    </ClInclude>
    <ClInclude Include="Src\kx\Logger.h">
      <Filter>kx</Filter>
    </ClInclude>
  </ItemGroup>
  <ItemGroup>
    <ClCompile Include="Src\kx\Application.cpp">
      <Filter>kx</Filter>
    </ClCompile>
    <ClCompile Include="Src\kx\Logger.cpp">
      <Filter>kx</Filter>
    </ClCompile>
  </ItemGroup>
</Project>